
Microsoft Visual Studio Solution File, Format Version 12.00
# Visual Studio Version 16
VisualStudioVersion = 16.0.30804.86
MinimumVisualStudioVersion = 10.0.40219.1
Project("{FAE04EC0-301F-11D3-BF4B-00C04F79EFBC}") = "tulparRoketTakimi", "tulparRoketTakimi\tulparRoketTakimi.csproj", "{1A9EDAFD-4071-46F4-9597-AF56F5448B60}"
EndProject
Global
	GlobalSection(SolutionConfigurationPlatforms) = preSolution
		Debug|Any CPU = Debug|Any CPU
		Release|Any CPU = Release|Any CPU
	EndGlobalSection
	GlobalSection(ProjectConfigurationPlatforms) = postSolution
		{1A9EDAFD-4071-46F4-9597-AF56F5448B60}.Debug|Any CPU.ActiveCfg = Debug|Any CPU
		{1A9EDAFD-4071-46F4-9597-AF56F5448B60}.Debug|Any CPU.Build.0 = Debug|Any CPU
		{1A9EDAFD-4071-46F4-9597-AF56F5448B60}.Release|Any CPU.ActiveCfg = Release|Any CPU
		{1A9EDAFD-4071-46F4-9597-AF56F5448B60}.Release|Any CPU.Build.0 = Release|Any CPU
	EndGlobalSection
	GlobalSection(SolutionProperties) = preSolution
		HideSolutionNode = FALSE
	EndGlobalSection
	GlobalSection(ExtensibilityGlobals) = postSolution
		SolutionGuid = {069A9744-3183-4BB3-A812-924595716B88}
	EndGlobalSection
EndGlobal
